// !$*UTF8*$!
{
	archiveVersion = 1;
	classes = {
	};
	objectVersion = 46;
	objects = {

/* Begin PBXBuildFile section */
		0BAFEE46FD2F0E132B4015CE /* Pods_AutoWeatherUITests.framework in Frameworks */ = {isa = PBXBuildFile; fileRef = 3F5F450E45D82CB26BB2331B /* Pods_AutoWeatherUITests.framework */; };
		958E8FBE0F88E4198DED6B16 /* Pods_AutoWeather.framework in Frameworks */ = {isa = PBXBuildFile; fileRef = 9F4FFC345BDC8D921C587631 /* Pods_AutoWeather.framework */; };
		974D47931DF361E3009BE8EF /* sunrise.mov in Resources */ = {isa = PBXBuildFile; fileRef = 974D47921DF361E3009BE8EF /* sunrise.mov */; };
		974D47951DF365E4009BE8EF /* clouds_loop.mp4 in Resources */ = {isa = PBXBuildFile; fileRef = 974D47941DF365DB009BE8EF /* clouds_loop.mp4 */; };
		9794E5F81DDFF0820079EEA2 /* SharedLocationManager.swift in Sources */ = {isa = PBXBuildFile; fileRef = 9794E5F71DDFF0820079EEA2 /* SharedLocationManager.swift */; };
		9794E5FA1DDFF29B0079EEA2 /* Globals.swift in Sources */ = {isa = PBXBuildFile; fileRef = 9794E5F91DDFF29B0079EEA2 /* Globals.swift */; };
		9794E5FC1DDFF4240079EEA2 /* NetworkManager.swift in Sources */ = {isa = PBXBuildFile; fileRef = 9794E5FB1DDFF4240079EEA2 /* NetworkManager.swift */; };
		97B4B4041DDFD7590000885F /* AppDelegate.swift in Sources */ = {isa = PBXBuildFile; fileRef = 97B4B4031DDFD7590000885F /* AppDelegate.swift */; };
		97B4B4061DDFD7590000885F /* HomeViewController.swift in Sources */ = {isa = PBXBuildFile; fileRef = 97B4B4051DDFD7590000885F /* HomeViewController.swift */; };
		97B4B4091DDFD7590000885F /* Main.storyboard in Resources */ = {isa = PBXBuildFile; fileRef = 97B4B4071DDFD7590000885F /* Main.storyboard */; };
		97B4B40B1DDFD7590000885F /* Assets.xcassets in Resources */ = {isa = PBXBuildFile; fileRef = 97B4B40A1DDFD7590000885F /* Assets.xcassets */; };
		97B4B40E1DDFD7590000885F /* LaunchScreen.storyboard in Resources */ = {isa = PBXBuildFile; fileRef = 97B4B40C1DDFD7590000885F /* LaunchScreen.storyboard */; };
		97B4B4191DDFD7590000885F /* AutoWeatherTests.swift in Sources */ = {isa = PBXBuildFile; fileRef = 97B4B4181DDFD7590000885F /* AutoWeatherTests.swift */; };
		97B4B4241DDFD75A0000885F /* AutoWeatherUITests.swift in Sources */ = {isa = PBXBuildFile; fileRef = 97B4B4231DDFD75A0000885F /* AutoWeatherUITests.swift */; };
		97E5D0BA1DF3389400E19ADE /* clouds_1080.mp4 in Resources */ = {isa = PBXBuildFile; fileRef = 97E5D0B91DF3388E00E19ADE /* clouds_1080.mp4 */; };
		D57B531753FD8C8BE2DBB707 /* Pods_AutoWeatherTests.framework in Frameworks */ = {isa = PBXBuildFile; fileRef = 7DEED4118B9E7371005B2C65 /* Pods_AutoWeatherTests.framework */; };
/* End PBXBuildFile section */

/* Begin PBXContainerItemProxy section */
		97B4B4151DDFD7590000885F /* PBXContainerItemProxy */ = {
			isa = PBXContainerItemProxy;
			containerPortal = 97B4B3F81DDFD7590000885F /* Project object */;
			proxyType = 1;
			remoteGlobalIDString = 97B4B3FF1DDFD7590000885F;
			remoteInfo = AutoWeather;
		};
		97B4B4201DDFD75A0000885F /* PBXContainerItemProxy */ = {
			isa = PBXContainerItemProxy;
			containerPortal = 97B4B3F81DDFD7590000885F /* Project object */;
			proxyType = 1;
			remoteGlobalIDString = 97B4B3FF1DDFD7590000885F;
			remoteInfo = AutoWeather;
		};
/* End PBXContainerItemProxy section */

/* Begin PBXFileReference section */
		2E90C7D1D035EFF9C663D507 /* Pods-AutoWeatherTests.release.xcconfig */ = {isa = PBXFileReference; includeInIndex = 1; lastKnownFileType = text.xcconfig; name = "Pods-AutoWeatherTests.release.xcconfig"; path = "Pods/Target Support Files/Pods-AutoWeatherTests/Pods-AutoWeatherTests.release.xcconfig"; sourceTree = "<group>"; };
		3F5F450E45D82CB26BB2331B /* Pods_AutoWeatherUITests.framework */ = {isa = PBXFileReference; explicitFileType = wrapper.framework; includeInIndex = 0; path = Pods_AutoWeatherUITests.framework; sourceTree = BUILT_PRODUCTS_DIR; };
		7343515FAC645109E1D89DA0 /* Pods-AutoWeatherUITests.release.xcconfig */ = {isa = PBXFileReference; includeInIndex = 1; lastKnownFileType = text.xcconfig; name = "Pods-AutoWeatherUITests.release.xcconfig"; path = "Pods/Target Support Files/Pods-AutoWeatherUITests/Pods-AutoWeatherUITests.release.xcconfig"; sourceTree = "<group>"; };
		7DEED4118B9E7371005B2C65 /* Pods_AutoWeatherTests.framework */ = {isa = PBXFileReference; explicitFileType = wrapper.framework; includeInIndex = 0; path = Pods_AutoWeatherTests.framework; sourceTree = BUILT_PRODUCTS_DIR; };
		8BDB0EC8BC3672116741D8AE /* Pods-AutoWeatherTests.debug.xcconfig */ = {isa = PBXFileReference; includeInIndex = 1; lastKnownFileType = text.xcconfig; name = "Pods-AutoWeatherTests.debug.xcconfig"; path = "Pods/Target Support Files/Pods-AutoWeatherTests/Pods-AutoWeatherTests.debug.xcconfig"; sourceTree = "<group>"; };
		974D47921DF361E3009BE8EF /* sunrise.mov */ = {isa = PBXFileReference; lastKnownFileType = video.quicktime; name = sunrise.mov; path = ../../../../Downloads/sunrise.mov; sourceTree = "<group>"; };
		974D47941DF365DB009BE8EF /* clouds_loop.mp4 */ = {isa = PBXFileReference; lastKnownFileType = file; name = clouds_loop.mp4; path = ../../../../Downloads/clouds_loop.mp4; sourceTree = "<group>"; };
		9794E5F71DDFF0820079EEA2 /* SharedLocationManager.swift */ = {isa = PBXFileReference; fileEncoding = 4; lastKnownFileType = sourcecode.swift; path = SharedLocationManager.swift; sourceTree = "<group>"; };
		9794E5F91DDFF29B0079EEA2 /* Globals.swift */ = {isa = PBXFileReference; fileEncoding = 4; lastKnownFileType = sourcecode.swift; path = Globals.swift; sourceTree = "<group>"; };
		9794E5FB1DDFF4240079EEA2 /* NetworkManager.swift */ = {isa = PBXFileReference; fileEncoding = 4; lastKnownFileType = sourcecode.swift; path = NetworkManager.swift; sourceTree = "<group>"; };
		9794E5FD1DDFF5410079EEA2 /* AutoWeather-Bridging.h */ = {isa = PBXFileReference; lastKnownFileType = sourcecode.c.h; path = "AutoWeather-Bridging.h"; sourceTree = "<group>"; };
		9794E5FE1DE136030079EEA2 /* AutoWeather.entitlements */ = {isa = PBXFileReference; lastKnownFileType = text.plist.entitlements; path = AutoWeather.entitlements; sourceTree = "<group>"; };
		97B4B4001DDFD7590000885F /* AutoWeather.app */ = {isa = PBXFileReference; explicitFileType = wrapper.application; includeInIndex = 0; path = AutoWeather.app; sourceTree = BUILT_PRODUCTS_DIR; };
		97B4B4031DDFD7590000885F /* AppDelegate.swift */ = {isa = PBXFileReference; lastKnownFileType = sourcecode.swift; path = AppDelegate.swift; sourceTree = "<group>"; };
		97B4B4051DDFD7590000885F /* HomeViewController.swift */ = {isa = PBXFileReference; lastKnownFileType = sourcecode.swift; path = HomeViewController.swift; sourceTree = "<group>"; };
		97B4B4081DDFD7590000885F /* Base */ = {isa = PBXFileReference; lastKnownFileType = file.storyboard; name = Base; path = Base.lproj/Main.storyboard; sourceTree = "<group>"; };
		97B4B40A1DDFD7590000885F /* Assets.xcassets */ = {isa = PBXFileReference; lastKnownFileType = folder.assetcatalog; path = Assets.xcassets; sourceTree = "<group>"; };
		97B4B40D1DDFD7590000885F /* Base */ = {isa = PBXFileReference; lastKnownFileType = file.storyboard; name = Base; path = Base.lproj/LaunchScreen.storyboard; sourceTree = "<group>"; };
		97B4B40F1DDFD7590000885F /* Info.plist */ = {isa = PBXFileReference; lastKnownFileType = text.plist.xml; path = Info.plist; sourceTree = "<group>"; };
		97B4B4141DDFD7590000885F /* AutoWeatherTests.xctest */ = {isa = PBXFileReference; explicitFileType = wrapper.cfbundle; includeInIndex = 0; path = AutoWeatherTests.xctest; sourceTree = BUILT_PRODUCTS_DIR; };
		97B4B4181DDFD7590000885F /* AutoWeatherTests.swift */ = {isa = PBXFileReference; lastKnownFileType = sourcecode.swift; path = AutoWeatherTests.swift; sourceTree = "<group>"; };
		97B4B41A1DDFD7590000885F /* Info.plist */ = {isa = PBXFileReference; lastKnownFileType = text.plist.xml; path = Info.plist; sourceTree = "<group>"; };
		97B4B41F1DDFD75A0000885F /* AutoWeatherUITests.xctest */ = {isa = PBXFileReference; explicitFileType = wrapper.cfbundle; includeInIndex = 0; path = AutoWeatherUITests.xctest; sourceTree = BUILT_PRODUCTS_DIR; };
		97B4B4231DDFD75A0000885F /* AutoWeatherUITests.swift */ = {isa = PBXFileReference; lastKnownFileType = sourcecode.swift; path = AutoWeatherUITests.swift; sourceTree = "<group>"; };
		97B4B4251DDFD75A0000885F /* Info.plist */ = {isa = PBXFileReference; lastKnownFileType = text.plist.xml; path = Info.plist; sourceTree = "<group>"; };
		97E5D0B91DF3388E00E19ADE /* clouds_1080.mp4 */ = {isa = PBXFileReference; lastKnownFileType = file; name = clouds_1080.mp4; path = ../../../../Downloads/clouds_1080.mp4; sourceTree = "<group>"; };
		9F4FFC345BDC8D921C587631 /* Pods_AutoWeather.framework */ = {isa = PBXFileReference; explicitFileType = wrapper.framework; includeInIndex = 0; path = Pods_AutoWeather.framework; sourceTree = BUILT_PRODUCTS_DIR; };
		B6BEFFF814EE95784A2C0EE0 /* Pods-AutoWeatherUITests.debug.xcconfig */ = {isa = PBXFileReference; includeInIndex = 1; lastKnownFileType = text.xcconfig; name = "Pods-AutoWeatherUITests.debug.xcconfig"; path = "Pods/Target Support Files/Pods-AutoWeatherUITests/Pods-AutoWeatherUITests.debug.xcconfig"; sourceTree = "<group>"; };
		B8A3B88496F6BDF370EC767A /* Pods-AutoWeather.release.xcconfig */ = {isa = PBXFileReference; includeInIndex = 1; lastKnownFileType = text.xcconfig; name = "Pods-AutoWeather.release.xcconfig"; path = "Pods/Target Support Files/Pods-AutoWeather/Pods-AutoWeather.release.xcconfig"; sourceTree = "<group>"; };
		F2BD6FB5EC366E960FD4B4F6 /* Pods-AutoWeather.debug.xcconfig */ = {isa = PBXFileReference; includeInIndex = 1; lastKnownFileType = text.xcconfig; name = "Pods-AutoWeather.debug.xcconfig"; path = "Pods/Target Support Files/Pods-AutoWeather/Pods-AutoWeather.debug.xcconfig"; sourceTree = "<group>"; };
/* End PBXFileReference section */

/* Begin PBXFrameworksBuildPhase section */
		97B4B3FD1DDFD7590000885F /* Frameworks */ = {
			isa = PBXFrameworksBuildPhase;
			buildActionMask = 2147483647;
			files = (
				958E8FBE0F88E4198DED6B16 /* Pods_AutoWeather.framework in Frameworks */,
			);
			runOnlyForDeploymentPostprocessing = 0;
		};
		97B4B4111DDFD7590000885F /* Frameworks */ = {
			isa = PBXFrameworksBuildPhase;
			buildActionMask = 2147483647;
			files = (
				D57B531753FD8C8BE2DBB707 /* Pods_AutoWeatherTests.framework in Frameworks */,
			);
			runOnlyForDeploymentPostprocessing = 0;
		};
		97B4B41C1DDFD75A0000885F /* Frameworks */ = {
			isa = PBXFrameworksBuildPhase;
			buildActionMask = 2147483647;
			files = (
				0BAFEE46FD2F0E132B4015CE /* Pods_AutoWeatherUITests.framework in Frameworks */,
			);
			runOnlyForDeploymentPostprocessing = 0;
		};
/* End PBXFrameworksBuildPhase section */

/* Begin PBXGroup section */
		505CAFCB207F2A5F8E5EDA02 /* Pods */ = {
			isa = PBXGroup;
			children = (
				F2BD6FB5EC366E960FD4B4F6 /* Pods-AutoWeather.debug.xcconfig */,
				B8A3B88496F6BDF370EC767A /* Pods-AutoWeather.release.xcconfig */,
				8BDB0EC8BC3672116741D8AE /* Pods-AutoWeatherTests.debug.xcconfig */,
				2E90C7D1D035EFF9C663D507 /* Pods-AutoWeatherTests.release.xcconfig */,
				B6BEFFF814EE95784A2C0EE0 /* Pods-AutoWeatherUITests.debug.xcconfig */,
				7343515FAC645109E1D89DA0 /* Pods-AutoWeatherUITests.release.xcconfig */,
			);
			name = Pods;
			sourceTree = "<group>";
		};
		66867FBB697B515C6282CA9C /* Frameworks */ = {
			isa = PBXGroup;
			children = (
				9F4FFC345BDC8D921C587631 /* Pods_AutoWeather.framework */,
				7DEED4118B9E7371005B2C65 /* Pods_AutoWeatherTests.framework */,
				3F5F450E45D82CB26BB2331B /* Pods_AutoWeatherUITests.framework */,
			);
			name = Frameworks;
			sourceTree = "<group>";
		};
		97B4B3F71DDFD7590000885F = {
			isa = PBXGroup;
			children = (
				97B4B4021DDFD7590000885F /* AutoWeather */,
				97B4B4171DDFD7590000885F /* AutoWeatherTests */,
				97B4B4221DDFD75A0000885F /* AutoWeatherUITests */,
				97B4B4011DDFD7590000885F /* Products */,
				505CAFCB207F2A5F8E5EDA02 /* Pods */,
				66867FBB697B515C6282CA9C /* Frameworks */,
			);
			sourceTree = "<group>";
		};
		97B4B4011DDFD7590000885F /* Products */ = {
			isa = PBXGroup;
			children = (
				97B4B4001DDFD7590000885F /* AutoWeather.app */,
				97B4B4141DDFD7590000885F /* AutoWeatherTests.xctest */,
				97B4B41F1DDFD75A0000885F /* AutoWeatherUITests.xctest */,
			);
			name = Products;
			sourceTree = "<group>";
		};
		97B4B4021DDFD7590000885F /* AutoWeather */ = {
			isa = PBXGroup;
			children = (
				9794E5FE1DE136030079EEA2 /* AutoWeather.entitlements */,
				9794E5FD1DDFF5410079EEA2 /* AutoWeather-Bridging.h */,
				97B4B4031DDFD7590000885F /* AppDelegate.swift */,
				9794E5F91DDFF29B0079EEA2 /* Globals.swift */,
				97B4B4051DDFD7590000885F /* HomeViewController.swift */,
				9794E5F71DDFF0820079EEA2 /* SharedLocationManager.swift */,
				9794E5FB1DDFF4240079EEA2 /* NetworkManager.swift */,
				97B4B4071DDFD7590000885F /* Main.storyboard */,
				974D47941DF365DB009BE8EF /* clouds_loop.mp4 */,
				97E5D0B91DF3388E00E19ADE /* clouds_1080.mp4 */,
				974D47921DF361E3009BE8EF /* sunrise.mov */,
				97B4B40A1DDFD7590000885F /* Assets.xcassets */,
				97B4B40C1DDFD7590000885F /* LaunchScreen.storyboard */,
				97B4B40F1DDFD7590000885F /* Info.plist */,
			);
			path = AutoWeather;
			sourceTree = "<group>";
		};
		97B4B4171DDFD7590000885F /* AutoWeatherTests */ = {
			isa = PBXGroup;
			children = (
				97B4B4181DDFD7590000885F /* AutoWeatherTests.swift */,
				97B4B41A1DDFD7590000885F /* Info.plist */,
			);
			path = AutoWeatherTests;
			sourceTree = "<group>";
		};
		97B4B4221DDFD75A0000885F /* AutoWeatherUITests */ = {
			isa = PBXGroup;
			children = (
				97B4B4231DDFD75A0000885F /* AutoWeatherUITests.swift */,
				97B4B4251DDFD75A0000885F /* Info.plist */,
			);
			path = AutoWeatherUITests;
			sourceTree = "<group>";
		};
/* End PBXGroup section */

/* Begin PBXNativeTarget section */
		97B4B3FF1DDFD7590000885F /* AutoWeather */ = {
			isa = PBXNativeTarget;
			buildConfigurationList = 97B4B4281DDFD75A0000885F /* Build configuration list for PBXNativeTarget "AutoWeather" */;
			buildPhases = (
				88402F743A335D7BCEAE3691 /* [CP] Check Pods Manifest.lock */,
				97B4B3FC1DDFD7590000885F /* Sources */,
				97B4B3FD1DDFD7590000885F /* Frameworks */,
				97B4B3FE1DDFD7590000885F /* Resources */,
				5F1E131EF364F7C76F33ADD7 /* [CP] Embed Pods Frameworks */,
				EF63585F02C9BF259152C9ED /* [CP] Copy Pods Resources */,
			);
			buildRules = (
			);
			dependencies = (
			);
			name = AutoWeather;
			productName = AutoWeather;
			productReference = 97B4B4001DDFD7590000885F /* AutoWeather.app */;
			productType = "com.apple.product-type.application";
		};
		97B4B4131DDFD7590000885F /* AutoWeatherTests */ = {
			isa = PBXNativeTarget;
			buildConfigurationList = 97B4B42B1DDFD75A0000885F /* Build configuration list for PBXNativeTarget "AutoWeatherTests" */;
			buildPhases = (
				ABAAEE59DC53C0C1A935FF14 /* [CP] Check Pods Manifest.lock */,
				97B4B4101DDFD7590000885F /* Sources */,
				97B4B4111DDFD7590000885F /* Frameworks */,
				97B4B4121DDFD7590000885F /* Resources */,
				AD66FD95689E54AAB816204E /* [CP] Embed Pods Frameworks */,
				CE6BAE082FD79CDCD81B896E /* [CP] Copy Pods Resources */,
			);
			buildRules = (
			);
			dependencies = (
				97B4B4161DDFD7590000885F /* PBXTargetDependency */,
			);
			name = AutoWeatherTests;
			productName = AutoWeatherTests;
			productReference = 97B4B4141DDFD7590000885F /* AutoWeatherTests.xctest */;
			productType = "com.apple.product-type.bundle.unit-test";
		};
		97B4B41E1DDFD75A0000885F /* AutoWeatherUITests */ = {
			isa = PBXNativeTarget;
			buildConfigurationList = 97B4B42E1DDFD75A0000885F /* Build configuration list for PBXNativeTarget "AutoWeatherUITests" */;
			buildPhases = (
				C514336F5DAE666C8427F40E /* [CP] Check Pods Manifest.lock */,
				97B4B41B1DDFD75A0000885F /* Sources */,
				97B4B41C1DDFD75A0000885F /* Frameworks */,
				97B4B41D1DDFD75A0000885F /* Resources */,
				3F9E49D7D9DEC9E08189D512 /* [CP] Copy Pods Resources */,
			);
			buildRules = (
			);
			dependencies = (
				97B4B4211DDFD75A0000885F /* PBXTargetDependency */,
			);
			name = AutoWeatherUITests;
			productName = AutoWeatherUITests;
			productReference = 97B4B41F1DDFD75A0000885F /* AutoWeatherUITests.xctest */;
			productType = "com.apple.product-type.bundle.ui-testing";
		};
/* End PBXNativeTarget section */

/* Begin PBXProject section */
		97B4B3F81DDFD7590000885F /* Project object */ = {
			isa = PBXProject;
			attributes = {
				LastSwiftUpdateCheck = 0810;
				LastUpgradeCheck = 0810;
				ORGANIZATIONNAME = "Shady Gabal";
				TargetAttributes = {
					97B4B3FF1DDFD7590000885F = {
						CreatedOnToolsVersion = 8.1;
						DevelopmentTeam = V877CJGRPU;
						ProvisioningStyle = Automatic;
						SystemCapabilities = {
							com.apple.BackgroundModes = {
								enabled = 1;
							};
							com.apple.Push = {
								enabled = 1;
							};
						};
					};
					97B4B4131DDFD7590000885F = {
						CreatedOnToolsVersion = 8.1;
						DevelopmentTeam = V877CJGRPU;
						ProvisioningStyle = Automatic;
						TestTargetID = 97B4B3FF1DDFD7590000885F;
					};
					97B4B41E1DDFD75A0000885F = {
						CreatedOnToolsVersion = 8.1;
						DevelopmentTeam = V877CJGRPU;
						ProvisioningStyle = Automatic;
						TestTargetID = 97B4B3FF1DDFD7590000885F;
					};
				};
			};
			buildConfigurationList = 97B4B3FB1DDFD7590000885F /* Build configuration list for PBXProject "AutoWeather" */;
			compatibilityVersion = "Xcode 3.2";
			developmentRegion = English;
			hasScannedForEncodings = 0;
			knownRegions = (
				en,
				Base,
			);
			mainGroup = 97B4B3F71DDFD7590000885F;
			productRefGroup = 97B4B4011DDFD7590000885F /* Products */;
			projectDirPath = "";
			projectRoot = "";
			targets = (
				97B4B3FF1DDFD7590000885F /* AutoWeather */,
				97B4B4131DDFD7590000885F /* AutoWeatherTests */,
				97B4B41E1DDFD75A0000885F /* AutoWeatherUITests */,
			);
		};
/* End PBXProject section */

/* Begin PBXResourcesBuildPhase section */
		97B4B3FE1DDFD7590000885F /* Resources */ = {
			isa = PBXResourcesBuildPhase;
			buildActionMask = 2147483647;
			files = (
				974D47951DF365E4009BE8EF /* clouds_loop.mp4 in Resources */,
				97E5D0BA1DF3389400E19ADE /* clouds_1080.mp4 in Resources */,
				97B4B40E1DDFD7590000885F /* LaunchScreen.storyboard in Resources */,
				97B4B40B1DDFD7590000885F /* Assets.xcassets in Resources */,
				974D47931DF361E3009BE8EF /* sunrise.mov in Resources */,
				97B4B4091DDFD7590000885F /* Main.storyboard in Resources */,
			);
			runOnlyForDeploymentPostprocessing = 0;
		};
		97B4B4121DDFD7590000885F /* Resources */ = {
			isa = PBXResourcesBuildPhase;
			buildActionMask = 2147483647;
			files = (
			);
			runOnlyForDeploymentPostprocessing = 0;
		};
		97B4B41D1DDFD75A0000885F /* Resources */ = {
			isa = PBXResourcesBuildPhase;
			buildActionMask = 2147483647;
			files = (
			);
			runOnlyForDeploymentPostprocessing = 0;
		};
/* End PBXResourcesBuildPhase section */

/* Begin PBXShellScriptBuildPhase section */
		3F9E49D7D9DEC9E08189D512 /* [CP] Copy Pods Resources */ = {
			isa = PBXShellScriptBuildPhase;
			buildActionMask = 2147483647;
			files = (
			);
			inputPaths = (
			);
			name = "[CP] Copy Pods Resources";
			outputPaths = (
			);
			runOnlyForDeploymentPostprocessing = 0;
			shellPath = /bin/sh;
			shellScript = "\"${SRCROOT}/Pods/Target Support Files/Pods-AutoWeatherUITests/Pods-AutoWeatherUITests-resources.sh\"\n";
			showEnvVarsInLog = 0;
		};
		5F1E131EF364F7C76F33ADD7 /* [CP] Embed Pods Frameworks */ = {
			isa = PBXShellScriptBuildPhase;
			buildActionMask = 2147483647;
			files = (
			);
			inputPaths = (
			);
			name = "[CP] Embed Pods Frameworks";
			outputPaths = (
			);
			runOnlyForDeploymentPostprocessing = 0;
			shellPath = /bin/sh;
			shellScript = "\"${SRCROOT}/Pods/Target Support Files/Pods-AutoWeather/Pods-AutoWeather-frameworks.sh\"\n";
			showEnvVarsInLog = 0;
		};
		88402F743A335D7BCEAE3691 /* [CP] Check Pods Manifest.lock */ = {
			isa = PBXShellScriptBuildPhase;
			buildActionMask = 2147483647;
			files = (
			);
			inputPaths = (
			);
			name = "[CP] Check Pods Manifest.lock";
			outputPaths = (
			);
			runOnlyForDeploymentPostprocessing = 0;
			shellPath = /bin/sh;
			shellScript = "diff \"${PODS_ROOT}/../Podfile.lock\" \"${PODS_ROOT}/Manifest.lock\" > /dev/null\nif [[ $? != 0 ]] ; then\n    cat << EOM\nerror: The sandbox is not in sync with the Podfile.lock. Run 'pod install' or update your CocoaPods installation.\nEOM\n    exit 1\nfi\n";
			showEnvVarsInLog = 0;
		};
		ABAAEE59DC53C0C1A935FF14 /* [CP] Check Pods Manifest.lock */ = {
			isa = PBXShellScriptBuildPhase;
			buildActionMask = 2147483647;
			files = (
			);
			inputPaths = (
			);
			name = "[CP] Check Pods Manifest.lock";
			outputPaths = (
			);
			runOnlyForDeploymentPostprocessing = 0;
			shellPath = /bin/sh;
			shellScript = "diff \"${PODS_ROOT}/../Podfile.lock\" \"${PODS_ROOT}/Manifest.lock\" > /dev/null\nif [[ $? != 0 ]] ; then\n    cat << EOM\nerror: The sandbox is not in sync with the Podfile.lock. Run 'pod install' or update your CocoaPods installation.\nEOM\n    exit 1\nfi\n";
			showEnvVarsInLog = 0;
		};
		AD66FD95689E54AAB816204E /* [CP] Embed Pods Frameworks */ = {
			isa = PBXShellScriptBuildPhase;
			buildActionMask = 2147483647;
			files = (
			);
			inputPaths = (
			);
			name = "[CP] Embed Pods Frameworks";
			outputPaths = (
			);
			runOnlyForDeploymentPostprocessing = 0;
			shellPath = /bin/sh;
			shellScript = "\"${SRCROOT}/Pods/Target Support Files/Pods-AutoWeatherTests/Pods-AutoWeatherTests-frameworks.sh\"\n";
			showEnvVarsInLog = 0;
		};
		C514336F5DAE666C8427F40E /* [CP] Check Pods Manifest.lock */ = {
			isa = PBXShellScriptBuildPhase;
			buildActionMask = 2147483647;
			files = (
			);
			inputPaths = (
			);
			name = "[CP] Check Pods Manifest.lock";
			outputPaths = (
			);
			runOnlyForDeploymentPostprocessing = 0;
			shellPath = /bin/sh;
			shellScript = "diff \"${PODS_ROOT}/../Podfile.lock\" \"${PODS_ROOT}/Manifest.lock\" > /dev/null\nif [[ $? != 0 ]] ; then\n    cat << EOM\nerror: The sandbox is not in sync with the Podfile.lock. Run 'pod install' or update your CocoaPods installation.\nEOM\n    exit 1\nfi\n";
			showEnvVarsInLog = 0;
		};
		CE6BAE082FD79CDCD81B896E /* [CP] Copy Pods Resources */ = {
			isa = PBXShellScriptBuildPhase;
			buildActionMask = 2147483647;
			files = (
			);
			inputPaths = (
			);
			name = "[CP] Copy Pods Resources";
			outputPaths = (
			);
			runOnlyForDeploymentPostprocessing = 0;
			shellPath = /bin/sh;
			shellScript = "\"${SRCROOT}/Pods/Target Support Files/Pods-AutoWeatherTests/Pods-AutoWeatherTests-resources.sh\"\n";
			showEnvVarsInLog = 0;
		};
		EF63585F02C9BF259152C9ED /* [CP] Copy Pods Resources */ = {
			isa = PBXShellScriptBuildPhase;
			buildActionMask = 2147483647;
			files = (
			);
			inputPaths = (
			);
			name = "[CP] Copy Pods Resources";
			outputPaths = (
			);
			runOnlyForDeploymentPostprocessing = 0;
			shellPath = /bin/sh;
			shellScript = "\"${SRCROOT}/Pods/Target Support Files/Pods-AutoWeather/Pods-AutoWeather-resources.sh\"\n";
			showEnvVarsInLog = 0;
		};
/* End PBXShellScriptBuildPhase section */

/* Begin PBXSourcesBuildPhase section */
		97B4B3FC1DDFD7590000885F /* Sources */ = {
			isa = PBXSourcesBuildPhase;
			buildActionMask = 2147483647;
			files = (
				9794E5FA1DDFF29B0079EEA2 /* Globals.swift in Sources */,
				9794E5F81DDFF0820079EEA2 /* SharedLocationManager.swift in Sources */,
				9794E5FC1DDFF4240079EEA2 /* NetworkManager.swift in Sources */,
				97B4B4061DDFD7590000885F /* HomeViewController.swift in Sources */,
				97B4B4041DDFD7590000885F /* AppDelegate.swift in Sources */,
			);
			runOnlyForDeploymentPostprocessing = 0;
		};
		97B4B4101DDFD7590000885F /* Sources */ = {
			isa = PBXSourcesBuildPhase;
			buildActionMask = 2147483647;
			files = (
				97B4B4191DDFD7590000885F /* AutoWeatherTests.swift in Sources */,
			);
			runOnlyForDeploymentPostprocessing = 0;
		};
		97B4B41B1DDFD75A0000885F /* Sources */ = {
			isa = PBXSourcesBuildPhase;
			buildActionMask = 2147483647;
			files = (
				97B4B4241DDFD75A0000885F /* AutoWeatherUITests.swift in Sources */,
			);
			runOnlyForDeploymentPostprocessing = 0;
		};
/* End PBXSourcesBuildPhase section */

/* Begin PBXTargetDependency section */
		97B4B4161DDFD7590000885F /* PBXTargetDependency */ = {
			isa = PBXTargetDependency;
			target = 97B4B3FF1DDFD7590000885F /* AutoWeather */;
			targetProxy = 97B4B4151DDFD7590000885F /* PBXContainerItemProxy */;
		};
		97B4B4211DDFD75A0000885F /* PBXTargetDependency */ = {
			isa = PBXTargetDependency;
			target = 97B4B3FF1DDFD7590000885F /* AutoWeather */;
			targetProxy = 97B4B4201DDFD75A0000885F /* PBXContainerItemProxy */;
		};
/* End PBXTargetDependency section */

/* Begin PBXVariantGroup section */
		97B4B4071DDFD7590000885F /* Main.storyboard */ = {
			isa = PBXVariantGroup;
			children = (
				97B4B4081DDFD7590000885F /* Base */,
			);
			name = Main.storyboard;
			sourceTree = "<group>";
		};
		97B4B40C1DDFD7590000885F /* LaunchScreen.storyboard */ = {
			isa = PBXVariantGroup;
			children = (
				97B4B40D1DDFD7590000885F /* Base */,
			);
			name = LaunchScreen.storyboard;
			sourceTree = "<group>";
		};
/* End PBXVariantGroup section */

/* Begin XCBuildConfiguration section */
		97B4B4261DDFD75A0000885F /* Debug */ = {
			isa = XCBuildConfiguration;
			buildSettings = {
				ALWAYS_SEARCH_USER_PATHS = NO;
				CLANG_ANALYZER_NONNULL = YES;
				CLANG_CXX_LANGUAGE_STANDARD = "gnu++0x";
				CLANG_CXX_LIBRARY = "libc++";
				CLANG_ENABLE_MODULES = YES;
				CLANG_ENABLE_OBJC_ARC = YES;
				CLANG_WARN_BOOL_CONVERSION = YES;
				CLANG_WARN_CONSTANT_CONVERSION = YES;
				CLANG_WARN_DIRECT_OBJC_ISA_USAGE = YES_ERROR;
				CLANG_WARN_DOCUMENTATION_COMMENTS = YES;
				CLANG_WARN_EMPTY_BODY = YES;
				CLANG_WARN_ENUM_CONVERSION = YES;
				CLANG_WARN_INFINITE_RECURSION = YES;
				CLANG_WARN_INT_CONVERSION = YES;
				CLANG_WARN_OBJC_ROOT_CLASS = YES_ERROR;
				CLANG_WARN_SUSPICIOUS_MOVES = YES;
				CLANG_WARN_UNREACHABLE_CODE = YES;
				CLANG_WARN__DUPLICATE_METHOD_MATCH = YES;
				"CODE_SIGN_IDENTITY[sdk=iphoneos*]" = "iPhone Developer";
				COPY_PHASE_STRIP = NO;
				DEBUG_INFORMATION_FORMAT = dwarf;
				ENABLE_STRICT_OBJC_MSGSEND = YES;
				ENABLE_TESTABILITY = YES;
				GCC_C_LANGUAGE_STANDARD = gnu99;
				GCC_DYNAMIC_NO_PIC = NO;
				GCC_NO_COMMON_BLOCKS = YES;
				GCC_OPTIMIZATION_LEVEL = 0;
				GCC_PREPROCESSOR_DEFINITIONS = (
					"DEBUG=1",
					"$(inherited)",
				);
				GCC_WARN_64_TO_32_BIT_CONVERSION = YES;
				GCC_WARN_ABOUT_RETURN_TYPE = YES_ERROR;
				GCC_WARN_UNDECLARED_SELECTOR = YES;
				GCC_WARN_UNINITIALIZED_AUTOS = YES_AGGRESSIVE;
				GCC_WARN_UNUSED_FUNCTION = YES;
				GCC_WARN_UNUSED_VARIABLE = YES;
				IPHONEOS_DEPLOYMENT_TARGET = 10.1;
				MTL_ENABLE_DEBUG_INFO = YES;
				ONLY_ACTIVE_ARCH = YES;
				SDKROOT = iphoneos;
				SWIFT_ACTIVE_COMPILATION_CONDITIONS = DEBUG;
				SWIFT_OPTIMIZATION_LEVEL = "-Onone";
			};
			name = Debug;
		};
		97B4B4271DDFD75A0000885F /* Release */ = {
			isa = XCBuildConfiguration;
			buildSettings = {
				ALWAYS_SEARCH_USER_PATHS = NO;
				CLANG_ANALYZER_NONNULL = YES;
				CLANG_CXX_LANGUAGE_STANDARD = "gnu++0x";
				CLANG_CXX_LIBRARY = "libc++";
				CLANG_ENABLE_MODULES = YES;
				CLANG_ENABLE_OBJC_ARC = YES;
				CLANG_WARN_BOOL_CONVERSION = YES;
				CLANG_WARN_CONSTANT_CONVERSION = YES;
				CLANG_WARN_DIRECT_OBJC_ISA_USAGE = YES_ERROR;
				CLANG_WARN_DOCUMENTATION_COMMENTS = YES;
				CLANG_WARN_EMPTY_BODY = YES;
				CLANG_WARN_ENUM_CONVERSION = YES;
				CLANG_WARN_INFINITE_RECURSION = YES;
				CLANG_WARN_INT_CONVERSION = YES;
				CLANG_WARN_OBJC_ROOT_CLASS = YES_ERROR;
				CLANG_WARN_SUSPICIOUS_MOVES = YES;
				CLANG_WARN_UNREACHABLE_CODE = YES;
				CLANG_WARN__DUPLICATE_METHOD_MATCH = YES;
				"CODE_SIGN_IDENTITY[sdk=iphoneos*]" = "iPhone Developer";
				COPY_PHASE_STRIP = NO;
				DEBUG_INFORMATION_FORMAT = "dwarf-with-dsym";
				ENABLE_NS_ASSERTIONS = NO;
				ENABLE_STRICT_OBJC_MSGSEND = YES;
				GCC_C_LANGUAGE_STANDARD = gnu99;
				GCC_NO_COMMON_BLOCKS = YES;
				GCC_WARN_64_TO_32_BIT_CONVERSION = YES;
				GCC_WARN_ABOUT_RETURN_TYPE = YES_ERROR;
				GCC_WARN_UNDECLARED_SELECTOR = YES;
				GCC_WARN_UNINITIALIZED_AUTOS = YES_AGGRESSIVE;
				GCC_WARN_UNUSED_FUNCTION = YES;
				GCC_WARN_UNUSED_VARIABLE = YES;
				IPHONEOS_DEPLOYMENT_TARGET = 10.1;
				MTL_ENABLE_DEBUG_INFO = NO;
				SDKROOT = iphoneos;
				SWIFT_OPTIMIZATION_LEVEL = "-Owholemodule";
				VALIDATE_PRODUCT = YES;
			};
			name = Release;
		};
		97B4B4291DDFD75A0000885F /* Debug */ = {
			isa = XCBuildConfiguration;
			baseConfigurationReference = F2BD6FB5EC366E960FD4B4F6 /* Pods-AutoWeather.debug.xcconfig */;
			buildSettings = {
				ASSETCATALOG_COMPILER_APPICON_NAME = AppIcon;
				CODE_SIGN_ENTITLEMENTS = AutoWeather/AutoWeather.entitlements;
				DEVELOPMENT_TEAM = V877CJGRPU;
				INFOPLIST_FILE = AutoWeather/Info.plist;
				IPHONEOS_DEPLOYMENT_TARGET = 8.0;
				LD_RUNPATH_SEARCH_PATHS = "$(inherited) @executable_path/Frameworks";
				PRODUCT_BUNDLE_IDENTIFIER = com.shady.AutoWeather;
				PRODUCT_NAME = "$(TARGET_NAME)";
				SWIFT_OBJC_BRIDGING_HEADER = "AutoWeather/AutoWeather-Bridging.h";
				SWIFT_VERSION = 3.0;
			};
			name = Debug;
		};
		97B4B42A1DDFD75A0000885F /* Release */ = {
			isa = XCBuildConfiguration;
			baseConfigurationReference = B8A3B88496F6BDF370EC767A /* Pods-AutoWeather.release.xcconfig */;
			buildSettings = {
				ASSETCATALOG_COMPILER_APPICON_NAME = AppIcon;
				CODE_SIGN_ENTITLEMENTS = AutoWeather/AutoWeather.entitlements;
				DEVELOPMENT_TEAM = V877CJGRPU;
				INFOPLIST_FILE = AutoWeather/Info.plist;
				IPHONEOS_DEPLOYMENT_TARGET = 8.0;
				LD_RUNPATH_SEARCH_PATHS = "$(inherited) @executable_path/Frameworks";
				PRODUCT_BUNDLE_IDENTIFIER = com.shady.AutoWeather;
				PRODUCT_NAME = "$(TARGET_NAME)";
				SWIFT_OBJC_BRIDGING_HEADER = "AutoWeather/AutoWeather-Bridging.h";
				SWIFT_VERSION = 3.0;
			};
			name = Release;
		};
		97B4B42C1DDFD75A0000885F /* Debug */ = {
			isa = XCBuildConfiguration;
			baseConfigurationReference = 8BDB0EC8BC3672116741D8AE /* Pods-AutoWeatherTests.debug.xcconfig */;
			buildSettings = {
				ALWAYS_EMBED_SWIFT_STANDARD_LIBRARIES = YES;
				BUNDLE_LOADER = "$(TEST_HOST)";
				DEVELOPMENT_TEAM = V877CJGRPU;
				INFOPLIST_FILE = AutoWeatherTests/Info.plist;
				LD_RUNPATH_SEARCH_PATHS = "$(inherited) @executable_path/Frameworks @loader_path/Frameworks";
				PRODUCT_BUNDLE_IDENTIFIER = com.shady.AutoWeatherTests;
				PRODUCT_NAME = "$(TARGET_NAME)";
				SWIFT_VERSION = 3.0;
				TEST_HOST = "$(BUILT_PRODUCTS_DIR)/AutoWeather.app/AutoWeather";
			};
			name = Debug;
		};
		97B4B42D1DDFD75A0000885F /* Release */ = {
			isa = XCBuildConfiguration;
			baseConfigurationReference = 2E90C7D1D035EFF9C663D507 /* Pods-AutoWeatherTests.release.xcconfig */;
			buildSettings = {
				ALWAYS_EMBED_SWIFT_STANDARD_LIBRARIES = YES;
				BUNDLE_LOADER = "$(TEST_HOST)";
				DEVELOPMENT_TEAM = V877CJGRPU;
				INFOPLIST_FILE = AutoWeatherTests/Info.plist;
				LD_RUNPATH_SEARCH_PATHS = "$(inherited) @executable_path/Frameworks @loader_path/Frameworks";
				PRODUCT_BUNDLE_IDENTIFIER = com.shady.AutoWeatherTests;
				PRODUCT_NAME = "$(TARGET_NAME)";
				SWIFT_VERSION = 3.0;
				TEST_HOST = "$(BUILT_PRODUCTS_DIR)/AutoWeather.app/AutoWeather";
			};
			name = Release;
		};
		97B4B42F1DDFD75A0000885F /* Debug */ = {
			isa = XCBuildConfiguration;
			baseConfigurationReference = B6BEFFF814EE95784A2C0EE0 /* Pods-AutoWeatherUITests.debug.xcconfig */;
			buildSettings = {
				ALWAYS_EMBED_SWIFT_STANDARD_LIBRARIES = YES;
				DEVELOPMENT_TEAM = V877CJGRPU;
				INFOPLIST_FILE = AutoWeatherUITests/Info.plist;
				LD_RUNPATH_SEARCH_PATHS = "$(inherited) @executable_path/Frameworks @loader_path/Frameworks";
				PRODUCT_BUNDLE_IDENTIFIER = com.shady.AutoWeatherUITests;
				PRODUCT_NAME = "$(TARGET_NAME)";
				SWIFT_VERSION = 3.0;
				TEST_TARGET_NAME = AutoWeather;
			};
			name = Debug;
		};
		97B4B4301DDFD75A0000885F /* Release */ = {
			isa = XCBuildConfiguration;
			baseConfigurationReference = 7343515FAC645109E1D89DA0 /* Pods-AutoWeatherUITests.release.xcconfig */;
			buildSettings = {
				ALWAYS_EMBED_SWIFT_STANDARD_LIBRARIES = YES;
				DEVELOPMENT_TEAM = V877CJGRPU;
				INFOPLIST_FILE = AutoWeatherUITests/Info.plist;
				LD_RUNPATH_SEARCH_PATHS = "$(inherited) @executable_path/Frameworks @loader_path/Frameworks";
				PRODUCT_BUNDLE_IDENTIFIER = com.shady.AutoWeatherUITests;
				PRODUCT_NAME = "$(TARGET_NAME)";
				SWIFT_VERSION = 3.0;
				TEST_TARGET_NAME = AutoWeather;
			};
			name = Release;
		};
/* End XCBuildConfiguration section */

/* Begin XCConfigurationList section */
		97B4B3FB1DDFD7590000885F /* Build configuration list for PBXProject "AutoWeather" */ = {
			isa = XCConfigurationList;
			buildConfigurations = (
				97B4B4261DDFD75A0000885F /* Debug */,
				97B4B4271DDFD75A0000885F /* Release */,
			);
			defaultConfigurationIsVisible = 0;
			defaultConfigurationName = Release;
		};
		97B4B4281DDFD75A0000885F /* Build configuration list for PBXNativeTarget "AutoWeather" */ = {
			isa = XCConfigurationList;
			buildConfigurations = (
				97B4B4291DDFD75A0000885F /* Debug */,
				97B4B42A1DDFD75A0000885F /* Release */,
			);
			defaultConfigurationIsVisible = 0;
			defaultConfigurationName = Release;
		};
		97B4B42B1DDFD75A0000885F /* Build configuration list for PBXNativeTarget "AutoWeatherTests" */ = {
			isa = XCConfigurationList;
			buildConfigurations = (
				97B4B42C1DDFD75A0000885F /* Debug */,
				97B4B42D1DDFD75A0000885F /* Release */,
			);
			defaultConfigurationIsVisible = 0;
			defaultConfigurationName = Release;
		};
		97B4B42E1DDFD75A0000885F /* Build configuration list for PBXNativeTarget "AutoWeatherUITests" */ = {
			isa = XCConfigurationList;
			buildConfigurations = (
				97B4B42F1DDFD75A0000885F /* Debug */,
				97B4B4301DDFD75A0000885F /* Release */,
			);
			defaultConfigurationIsVisible = 0;
			defaultConfigurationName = Release;
		};
/* End XCConfigurationList section */
	};
	rootObject = 97B4B3F81DDFD7590000885F /* Project object */;
}
